
Microsoft Visual Studio Solution File, Format Version 12.00
# Visual Studio 14
VisualStudioVersion = 14.0.25123.0
MinimumVisualStudioVersion = 10.0.40219.1
Project("{FAE04EC0-301F-11D3-BF4B-00C04F79EFBC}") = "PortumMedixP", "PortumMedixP\PortumMedixP.csproj", "{2582EF3D-DA22-4258-B523-12F088B20DE5}"
EndProject
Project("{FAE04EC0-301F-11D3-BF4B-00C04F79EFBC}") = "ExtendedMongoMembership", "..\..\..\..\..\..\dev\pmpacientes\ExtendedMongoMembership\ExtendedMongoMembership.csproj", "{3DAE074D-3193-4972-AB51-9CE16C4F01B0}"
EndProject
Global
	GlobalSection(SolutionConfigurationPlatforms) = preSolution
		Debug|Any CPU = Debug|Any CPU
		Release|Any CPU = Release|Any CPU
	EndGlobalSection
	GlobalSection(ProjectConfigurationPlatforms) = postSolution
		{2582EF3D-DA22-4258-B523-12F088B20DE5}.Debug|Any CPU.ActiveCfg = Debug|Any CPU
		{2582EF3D-DA22-4258-B523-12F088B20DE5}.Debug|Any CPU.Build.0 = Debug|Any CPU
		{2582EF3D-DA22-4258-B523-12F088B20DE5}.Release|Any CPU.ActiveCfg = Release|Any CPU
		{2582EF3D-DA22-4258-B523-12F088B20DE5}.Release|Any CPU.Build.0 = Release|Any CPU
		{3DAE074D-3193-4972-AB51-9CE16C4F01B0}.Debug|Any CPU.ActiveCfg = Debug|Any CPU
		{3DAE074D-3193-4972-AB51-9CE16C4F01B0}.Debug|Any CPU.Build.0 = Debug|Any CPU
		{3DAE074D-3193-4972-AB51-9CE16C4F01B0}.Release|Any CPU.ActiveCfg = Release|Any CPU
		{3DAE074D-3193-4972-AB51-9CE16C4F01B0}.Release|Any CPU.Build.0 = Release|Any CPU
	EndGlobalSection
	GlobalSection(SolutionProperties) = preSolution
		HideSolutionNode = FALSE
	EndGlobalSection
EndGlobal
